// !$*UTF8*$!
{ "classes" = {  }; "objectVersion" = "56"; "archiveVersion" = "1"; "objects" = { "0000000000000000000000D2" = { "isa" = "PBXBuildFile"; "fileRef" = "00000000000000000000006E"; }; "0000000000000000000000DC" = { "isa" = "PBXBuildFile"; "fileRef" = "000000000000000000000078"; }; "000000000000000000000014" = { "isa" = "XCBuildConfiguration"; "buildSettings" = { "IPHONEOS_DEPLOYMENT_TARGET" = "17.0"; "SWIFT_VERSION" = "5.0"; "CLANG_ENABLE_MODULES" = "YES"; "SDKROOT" = "iphoneos"; }; "name" = "Debug"; }; "000000000000000000000003" = { "path" = "DuoSync"; "isa" = "PBXGroup"; "children" = ( "000000000000000000000064", "000000000000000000000065", "000000000000000000000066", "000000000000000000000005", "000000000000000000000078", "000000000000000000000079", "00000000000000000000007A", "00000000000000000000007B", "000000000000000000000082", ); "sourceTree" = "<group>"; }; "000000000000000000000078" = { "path" = "Models.swift"; "isa" = "PBXFileReference"; "lastKnownFileType" = "sourcecode.swift"; "sourceTree" = "<group>"; }; "000000000000000000000008" = { "isa" = "PBXFrameworksBuildPhase"; "buildActionMask" = "2147483647"; "files" = ( ); "runOnlyForDeploymentPostprocessing" = "0"; }; "0000000000000000000000DF" = { "isa" = "PBXBuildFile"; "fileRef" = "00000000000000000000007B"; }; "0000000000000000000000C9" = { "isa" = "PBXBuildFile"; "fileRef" = "000000000000000000000065"; }; "000000000000000000000001" = { "buildConfigurationList" = "00000000000000000000000A"; "targets" = ( "000000000000000000000006", ); "developmentRegion" = "en"; "knownRegions" = ( "en", "Base", ); "isa" = "PBXProject"; "compatibilityVersion" = "Xcode 14.0"; "productRefGroup" = "000000000000000000000004"; "projectDirPath" = ""; "attributes" = { "LastUpgradeCheck" = "2710"; }; "hasScannedForEncodings" = "0"; "projectRoot" = ""; "mainGroup" = "000000000000000000000002"; }; "000000000000000000000065" = { "path" = "BrowserView.swift"; "isa" = "PBXFileReference"; "lastKnownFileType" = "sourcecode.swift"; "sourceTree" = "<group>"; }; "000000000000000000000017" = { "isa" = "XCBuildConfiguration"; "buildSettings" = { "MARKETING_VERSION" = "0.1.0"; "TARGETED_DEVICE_FAMILY" = "1,2"; "INFOPLIST_KEY_UISupportedInterfaceOrientations" = "UIInterfaceOrientationPortrait UIInterfaceOrientationLandscapeLeft UIInterfaceOrientationLandscapeRight"; "GENERATE_INFOPLIST_FILE" = "YES"; "INFOPLIST_FILE" = "DuoSync/Info.plist"; "INFOPLIST_KEY_UILaunchScreen_Generation" = "YES"; "SWIFT_OPTIMIZATION_LEVEL" = "-O"; "SUPPORTED_PLATFORMS" = "iphoneos iphonesimulator"; "CODE_SIGN_STYLE" = "Automatic"; "SWIFT_EMIT_LOC_STRINGS" = "YES"; "PRODUCT_NAME" = "$(TARGET_NAME)"; "INFOPLIST_KEY_UIApplicationSceneManifest_Generation" = "YES"; "CURRENT_PROJECT_VERSION" = "1"; "PRODUCT_BUNDLE_IDENTIFIER" = "com.tringuyen.duosync"; }; "name" = "Release"; }; "000000000000000000000006" = { "productType" = "com.apple.product-type.application"; "productReference" = "00000000000000000000006F"; "buildConfigurationList" = "00000000000000000000000B"; "productName" = "DuoSync"; "isa" = "PBXNativeTarget"; "buildPhases" = ( "000000000000000000000007", "000000000000000000000008", "000000000000000000000009", ); "dependencies" = ( ); "name" = "DuoSync"; "buildRules" = ( ); }; "00000000000000000000000B" = { "isa" = "XCConfigurationList"; "defaultConfigurationIsVisible" = "0"; "defaultConfigurationName" = "Release"; "buildConfigurations" = ( "000000000000000000000016", "000000000000000000000017", ); }; "00000000000000000000006F" = { "path" = "DuoSync.app"; "isa" = "PBXFileReference"; "explicitFileType" = "wrapper.application"; "sourceTree" = "BUILT_PRODUCTS_DIR"; }; "0000000000000000000000DD" = { "isa" = "PBXBuildFile"; "fileRef" = "000000000000000000000079"; }; "00000000000000000000007B" = { "path" = "CompanionPet.swift"; "isa" = "PBXFileReference"; "lastKnownFileType" = "sourcecode.swift"; "sourceTree" = "<group>"; }; "000000000000000000000015" = { "isa" = "XCBuildConfiguration"; "buildSettings" = { "IPHONEOS_DEPLOYMENT_TARGET" = "17.0"; "SWIFT_VERSION" = "5.0"; "CLANG_ENABLE_MODULES" = "YES"; "SDKROOT" = "iphoneos"; }; "name" = "Release"; }; "000000000000000000000004" = { "isa" = "PBXGroup"; "name" = "Products"; "children" = ( "00000000000000000000006F", ); "sourceTree" = "<group>"; }; "000000000000000000000079" = { "path" = "PendulumView.swift"; "isa" = "PBXFileReference"; "lastKnownFileType" = "sourcecode.swift"; "sourceTree" = "<group>"; }; "0000000000000000000000CA" = { "isa" = "PBXBuildFile"; "fileRef" = "000000000000000000000066"; }; "000000000000000000000009" = { "isa" = "PBXResourcesBuildPhase"; "buildActionMask" = "2147483647"; "files" = ( "0000000000000000000000D2", "0000000000000000000000E6", ); "runOnlyForDeploymentPostprocessing" = "0"; }; "000000000000000000000002" = { "isa" = "PBXGroup"; "sourceTree" = "<group>"; "children" = ( "000000000000000000000003", "000000000000000000000004", ); }; "000000000000000000000066" = { "path" = "ContentView.swift"; "isa" = "PBXFileReference"; "lastKnownFileType" = "sourcecode.swift"; "sourceTree" = "<group>"; }; "000000000000000000000007" = { "isa" = "PBXSourcesBuildPhase"; "buildActionMask" = "2147483647"; "files" = ( "0000000000000000000000C8", "0000000000000000000000C9", "0000000000000000000000CA", "0000000000000000000000DC", "0000000000000000000000DD", "0000000000000000000000DE", "0000000000000000000000DF", ); "runOnlyForDeploymentPostprocessing" = "0"; }; "0000000000000000000000DE" = { "isa" = "PBXBuildFile"; "fileRef" = "00000000000000000000007A"; }; "0000000000000000000000C8" = { "isa" = "PBXBuildFile"; "fileRef" = "000000000000000000000064"; }; "00000000000000000000007A" = { "path" = "DuoLayout.swift"; "isa" = "PBXFileReference"; "lastKnownFileType" = "sourcecode.swift"; "sourceTree" = "<group>"; }; "000000000000000000000064" = { "path" = "DuoSyncApp.swift"; "isa" = "PBXFileReference"; "lastKnownFileType" = "sourcecode.swift"; "sourceTree" = "<group>"; }; "000000000000000000000016" = { "isa" = "XCBuildConfiguration"; "buildSettings" = { "SWIFT_ACTIVE_COMPILATION_CONDITIONS" = "DEBUG"; "MARKETING_VERSION" = "0.1.0"; "TARGETED_DEVICE_FAMILY" = "1,2"; "INFOPLIST_KEY_UISupportedInterfaceOrientations" = "UIInterfaceOrientationPortrait UIInterfaceOrientationLandscapeLeft UIInterfaceOrientationLandscapeRight"; "GENERATE_INFOPLIST_FILE" = "YES"; "INFOPLIST_FILE" = "DuoSync/Info.plist"; "INFOPLIST_KEY_UILaunchScreen_Generation" = "YES"; "SWIFT_OPTIMIZATION_LEVEL" = "-Onone"; "SUPPORTED_PLATFORMS" = "iphoneos iphonesimulator"; "CODE_SIGN_STYLE" = "Automatic"; "SWIFT_EMIT_LOC_STRINGS" = "YES"; "PRODUCT_NAME" = "$(TARGET_NAME)"; "INFOPLIST_KEY_UIApplicationSceneManifest_Generation" = "YES"; "CURRENT_PROJECT_VERSION" = "1"; "PRODUCT_BUNDLE_IDENTIFIER" = "com.tringuyen.duosync"; }; "name" = "Debug"; }; "00000000000000000000000A" = { "isa" = "XCConfigurationList"; "defaultConfigurationIsVisible" = "0"; "defaultConfigurationName" = "Release"; "buildConfigurations" = ( "000000000000000000000014", "000000000000000000000015", ); }; "000000000000000000000005" = { "path" = "Resources"; "isa" = "PBXGroup"; "children" = ( "00000000000000000000006E", ); "sourceTree" = "<group>"; }; "00000000000000000000006E" = { "path" = "Reading.html"; "isa" = "PBXFileReference"; "lastKnownFileType" = "text.html"; "sourceTree" = "<group>"; }; "000000000000000000000082" = { "isa" = "PBXFileReference"; "lastKnownFileType" = "folder.assetcatalog"; "path" = "Assets.xcassets"; "sourceTree" = "<group>"; }; "0000000000000000000000E6" = { "isa" = "PBXBuildFile"; "fileRef" = "000000000000000000000082"; }; }; "rootObject" = "000000000000000000000001"; }
