// !$*UTF8*$!
{
archiveVersion = 1;
classes = {};
objectVersion = 56;
objects = {
000000000000000000000064 = {isa = PBXFileReference; lastKnownFileType = sourcecode.swift; path = DuoSyncApp.swift; sourceTree = "<group>"; };
0000000000000000000000C8 = {isa = PBXBuildFile; fileRef = 000000000000000000000064; };
000000000000000000000065 = {isa = PBXFileReference; lastKnownFileType = sourcecode.swift; path = BrowserView.swift; sourceTree = "<group>"; };
0000000000000000000000C9 = {isa = PBXBuildFile; fileRef = 000000000000000000000065; };
000000000000000000000066 = {isa = PBXFileReference; lastKnownFileType = sourcecode.swift; path = ContentView.swift; sourceTree = "<group>"; };
0000000000000000000000CA = {isa = PBXBuildFile; fileRef = 000000000000000000000066; };
00000000000000000000006E = {isa = PBXFileReference; lastKnownFileType = text.html; path = Reading.html; sourceTree = "<group>"; };
0000000000000000000000D2 = {isa = PBXBuildFile; fileRef = 00000000000000000000006E; };
00000000000000000000006F = {isa = PBXFileReference; explicitFileType = wrapper.application; path = DuoSync.app; sourceTree = BUILT_PRODUCTS_DIR; };
000000000000000000000001 = {isa = PBXProject; attributes = {LastUpgradeCheck = 2710; }; buildConfigurationList = 00000000000000000000000A; compatibilityVersion = "Xcode 14.0"; developmentRegion = en; hasScannedForEncodings = 0; knownRegions = (en, Base); mainGroup = 000000000000000000000002; productRefGroup = 000000000000000000000004; projectDirPath = ""; projectRoot = ""; targets = (000000000000000000000006,); };
000000000000000000000002 = {isa = PBXGroup; children = (000000000000000000000003, 000000000000000000000004,); sourceTree = "<group>"; };
000000000000000000000003 = {isa = PBXGroup; children = (000000000000000000000064, 000000000000000000000065, 000000000000000000000066, 000000000000000000000005,); path = DuoSync; sourceTree = "<group>"; };
000000000000000000000004 = {isa = PBXGroup; children = (00000000000000000000006F,); name = Products; sourceTree = "<group>"; };
000000000000000000000005 = {isa = PBXGroup; children = (00000000000000000000006E,); path = Resources; sourceTree = "<group>"; };
000000000000000000000006 = {isa = PBXNativeTarget; buildConfigurationList = 00000000000000000000000B; buildPhases = (000000000000000000000007, 000000000000000000000008, 000000000000000000000009,); buildRules = (); dependencies = (); name = DuoSync; productName = DuoSync; productReference = 00000000000000000000006F; productType = "com.apple.product-type.application"; };
000000000000000000000007 = {isa = PBXSourcesBuildPhase; buildActionMask = 2147483647; files = (0000000000000000000000C8, 0000000000000000000000C9, 0000000000000000000000CA,); runOnlyForDeploymentPostprocessing = 0; };
000000000000000000000008 = {isa = PBXFrameworksBuildPhase; buildActionMask = 2147483647; files = (); runOnlyForDeploymentPostprocessing = 0; };
000000000000000000000009 = {isa = PBXResourcesBuildPhase; buildActionMask = 2147483647; files = (0000000000000000000000D2,); runOnlyForDeploymentPostprocessing = 0; };
00000000000000000000000A = {isa = XCConfigurationList; buildConfigurations = (000000000000000000000014, 000000000000000000000015,); defaultConfigurationIsVisible = 0; defaultConfigurationName = Release; };
00000000000000000000000B = {isa = XCConfigurationList; buildConfigurations = (000000000000000000000016, 000000000000000000000017,); defaultConfigurationIsVisible = 0; defaultConfigurationName = Release; };
000000000000000000000014 = {isa = XCBuildConfiguration; buildSettings = {CLANG_ENABLE_MODULES = YES; SDKROOT = iphoneos; IPHONEOS_DEPLOYMENT_TARGET = 17.0; SWIFT_VERSION = 5.0; }; name = Debug; };
000000000000000000000015 = {isa = XCBuildConfiguration; buildSettings = {CLANG_ENABLE_MODULES = YES; SDKROOT = iphoneos; IPHONEOS_DEPLOYMENT_TARGET = 17.0; SWIFT_VERSION = 5.0; }; name = Release; };
000000000000000000000016 = {isa = XCBuildConfiguration; buildSettings = {CODE_SIGN_STYLE = Automatic; GENERATE_INFOPLIST_FILE = YES; INFOPLIST_KEY_UIApplicationSceneManifest_Generation = YES; INFOPLIST_KEY_UILaunchScreen_Generation = YES; INFOPLIST_KEY_UISupportedInterfaceOrientations = "UIInterfaceOrientationPortrait UIInterfaceOrientationLandscapeLeft UIInterfaceOrientationLandscapeRight"; PRODUCT_BUNDLE_IDENTIFIER = com.tringuyen.duosync; PRODUCT_NAME = "$(TARGET_NAME)"; TARGETED_DEVICE_FAMILY = "1,2"; MARKETING_VERSION = 0.1.0; CURRENT_PROJECT_VERSION = 1; SUPPORTED_PLATFORMS = "iphoneos iphonesimulator"; SWIFT_EMIT_LOC_STRINGS = YES; SWIFT_OPTIMIZATION_LEVEL = "-Onone"; SWIFT_ACTIVE_COMPILATION_CONDITIONS = DEBUG;}; name = Debug; };
000000000000000000000017 = {isa = XCBuildConfiguration; buildSettings = {CODE_SIGN_STYLE = Automatic; GENERATE_INFOPLIST_FILE = YES; INFOPLIST_KEY_UIApplicationSceneManifest_Generation = YES; INFOPLIST_KEY_UILaunchScreen_Generation = YES; INFOPLIST_KEY_UISupportedInterfaceOrientations = "UIInterfaceOrientationPortrait UIInterfaceOrientationLandscapeLeft UIInterfaceOrientationLandscapeRight"; PRODUCT_BUNDLE_IDENTIFIER = com.tringuyen.duosync; PRODUCT_NAME = "$(TARGET_NAME)"; TARGETED_DEVICE_FAMILY = "1,2"; MARKETING_VERSION = 0.1.0; CURRENT_PROJECT_VERSION = 1; SUPPORTED_PLATFORMS = "iphoneos iphonesimulator"; SWIFT_EMIT_LOC_STRINGS = YES; SWIFT_OPTIMIZATION_LEVEL = "-O";}; name = Release; };
};
rootObject = 000000000000000000000001;
}
